
Microsoft Visual Studio Solution File, Format Version 12.00
Project("{FAE04EC0-301F-11D3-BF4B-00C04F79EFBC}") = "DVGB07_viktlund104_Laboration3_Notepad", "DVGB07_viktlund104_Laboration3_Notepad\DVGB07_viktlund104_Laboration3_Notepad.csproj", "{CB1C8BD9-8BF5-44D2-8133-E1A86609AB26}"
EndProject
Global
	GlobalSection(SolutionConfigurationPlatforms) = preSolution
		Debug|Any CPU = Debug|Any CPU
		Release|Any CPU = Release|Any CPU
	EndGlobalSection
	GlobalSection(ProjectConfigurationPlatforms) = postSolution
		{CB1C8BD9-8BF5-44D2-8133-E1A86609AB26}.Debug|Any CPU.ActiveCfg = Debug|Any CPU
		{CB1C8BD9-8BF5-44D2-8133-E1A86609AB26}.Debug|Any CPU.Build.0 = Debug|Any CPU
		{CB1C8BD9-8BF5-44D2-8133-E1A86609AB26}.Release|Any CPU.ActiveCfg = Release|Any CPU
		{CB1C8BD9-8BF5-44D2-8133-E1A86609AB26}.Release|Any CPU.Build.0 = Release|Any CPU
	EndGlobalSection
EndGlobal
